
Microsoft Visual Studio Solution File, Format Version 12.00
# Visual Studio Version 17
VisualStudioVersion = 17.5.2.0
MinimumVisualStudioVersion = 10.0.40219.1
Project("{FAE04EC0-301F-11D3-BF4B-00C04F79EFBC}") = "Jobs.EasyApply.LinkedIn", "Jobs.EasyApply.LinkedIn\Jobs.EasyApply.LinkedIn.csproj", "{E0C45105-9BFA-CA05-2955-445C6B06A2C9}"
EndProject
Project("{FAE04EC0-301F-11D3-BF4B-00C04F79EFBC}") = "Jobs.EasyApply.API", "Jobs.EasyApply.API\Jobs.EasyApply.API.csproj", "{42D8F57A-5094-437D-804C-9A082A581BB8}"
EndProject
Project("{FAE04EC0-301F-11D3-BF4B-00C04F79EFBC}") = "Jobs.EasyApply.Common", "Jobs.EasyApply.Common\Jobs.EasyApply.Common.csproj", "{3E2ABFDB-1F43-4C96-85CB-155713AD0335}"
EndProject
Project("{FAE04EC0-301F-11D3-BF4B-00C04F79EFBC}") = "Jobs.EasyApply.Dice", "Jobs.EasyApply.Dice\Jobs.EasyApply.Dice.csproj", "{A1B2C3D4-E5F6-7890-ABCD-EFGH12345678}"
EndProject
Global
	GlobalSection(SolutionConfigurationPlatforms) = preSolution
		Debug|Any CPU = Debug|Any CPU
		Debug|x64 = Debug|x64
		Debug|x86 = Debug|x86
		Release|Any CPU = Release|Any CPU
		Release|x64 = Release|x64
		Release|x86 = Release|x86
	EndGlobalSection
	GlobalSection(ProjectConfigurationPlatforms) = postSolution
		{E0C45105-9BFA-CA05-2955-445C6B06A2C9}.Debug|Any CPU.ActiveCfg = Debug|Any CPU
		{E0C45105-9BFA-CA05-2955-445C6B06A2C9}.Debug|Any CPU.Build.0 = Debug|Any CPU
		{E0C45105-9BFA-CA05-2955-445C6B06A2C9}.Debug|x64.ActiveCfg = Debug|Any CPU
		{E0C45105-9BFA-CA05-2955-445C6B06A2C9}.Debug|x64.Build.0 = Debug|Any CPU
		{E0C45105-9BFA-CA05-2955-445C6B06A2C9}.Debug|x86.ActiveCfg = Debug|Any CPU
		{E0C45105-9BFA-CA05-2955-445C6B06A2C9}.Debug|x86.Build.0 = Debug|Any CPU
		{E0C45105-9BFA-CA05-2955-445C6B06A2C9}.Release|Any CPU.ActiveCfg = Release|Any CPU
		{E0C45105-9BFA-CA05-2955-445C6B06A2C9}.Release|Any CPU.Build.0 = Release|Any CPU
		{E0C45105-9BFA-CA05-2955-445C6B06A2C9}.Release|x64.ActiveCfg = Release|Any CPU
		{E0C45105-9BFA-CA05-2955-445C6B06A2C9}.Release|x64.Build.0 = Release|Any CPU
		{E0C45105-9BFA-CA05-2955-445C6B06A2C9}.Release|x86.ActiveCfg = Release|Any CPU
		{E0C45105-9BFA-CA05-2955-445C6B06A2C9}.Release|x86.Build.0 = Release|Any CPU
		{42D8F57A-5094-437D-804C-9A082A581BB8}.Debug|Any CPU.ActiveCfg = Debug|Any CPU
		{42D8F57A-5094-437D-804C-9A082A581BB8}.Debug|Any CPU.Build.0 = Debug|Any CPU
		{42D8F57A-5094-437D-804C-9A082A581BB8}.Debug|x64.ActiveCfg = Debug|Any CPU
		{42D8F57A-5094-437D-804C-9A082A581BB8}.Debug|x64.Build.0 = Debug|Any CPU
		{42D8F57A-5094-437D-804C-9A082A581BB8}.Debug|x86.ActiveCfg = Debug|Any CPU
		{42D8F57A-5094-437D-804C-9A082A581BB8}.Debug|x86.Build.0 = Debug|Any CPU
		{42D8F57A-5094-437D-804C-9A082A581BB8}.Release|Any CPU.ActiveCfg = Release|Any CPU
		{42D8F57A-5094-437D-804C-9A082A581BB8}.Release|Any CPU.Build.0 = Release|Any CPU
		{42D8F57A-5094-437D-804C-9A082A581BB8}.Release|x64.ActiveCfg = Release|Any CPU
		{42D8F57A-5094-437D-804C-9A082A581BB8}.Release|x64.Build.0 = Release|Any CPU
		{42D8F57A-5094-437D-804C-9A082A581BB8}.Release|x86.ActiveCfg = Release|Any CPU
		{42D8F57A-5094-437D-804C-9A082A581BB8}.Release|x86.Build.0 = Release|Any CPU
		{3E2ABFDB-1F43-4C96-85CB-155713AD0335}.Debug|Any CPU.ActiveCfg = Debug|Any CPU
		{3E2ABFDB-1F43-4C96-85CB-155713AD0335}.Debug|Any CPU.Build.0 = Debug|Any CPU
		{3E2ABFDB-1F43-4C96-85CB-155713AD0335}.Debug|x64.ActiveCfg = Debug|Any CPU
		{3E2ABFDB-1F43-4C96-85CB-155713AD0335}.Debug|x64.Build.0 = Debug|Any CPU
		{3E2ABFDB-1F43-4C96-85CB-155713AD0335}.Debug|x86.ActiveCfg = Debug|Any CPU
		{3E2ABFDB-1F43-4C96-85CB-155713AD0335}.Debug|x86.Build.0 = Debug|Any CPU
		{3E2ABFDB-1F43-4C96-85CB-155713AD0335}.Release|Any CPU.ActiveCfg = Release|Any CPU
		{3E2ABFDB-1F43-4C96-85CB-155713AD0335}.Release|Any CPU.Build.0 = Release|Any CPU
		{3E2ABFDB-1F43-4C96-85CB-155713AD0335}.Release|x64.ActiveCfg = Release|Any CPU
		{3E2ABFDB-1F43-4C96-85CB-155713AD0335}.Release|x64.Build.0 = Release|Any CPU
		{3E2ABFDB-1F43-4C96-85CB-155713AD0335}.Release|x86.ActiveCfg = Release|Any CPU
		{3E2ABFDB-1F43-4C96-85CB-155713AD0335}.Release|x86.Build.0 = Release|Any CPU
		{A1B2C3D4-E5F6-7890-ABCD-EFGH12345678}.Debug|Any CPU.ActiveCfg = Debug|Any CPU
		{A1B2C3D4-E5F6-7890-ABCD-EFGH12345678}.Debug|Any CPU.Build.0 = Debug|Any CPU
		{A1B2C3D4-E5F6-7890-ABCD-EFGH12345678}.Debug|x64.ActiveCfg = Debug|Any CPU
		{A1B2C3D4-E5F6-7890-ABCD-EFGH12345678}.Debug|x64.Build.0 = Debug|Any CPU
		{A1B2C3D4-E5F6-7890-ABCD-EFGH12345678}.Debug|x86.ActiveCfg = Debug|Any CPU
		{A1B2C3D4-E5F6-7890-ABCD-EFGH12345678}.Debug|x86.Build.0 = Debug|Any CPU
		{A1B2C3D4-E5F6-7890-ABCD-EFGH12345678}.Release|Any CPU.ActiveCfg = Release|Any CPU
		{A1B2C3D4-E5F6-7890-ABCD-EFGH12345678}.Release|Any CPU.Build.0 = Release|Any CPU
		{A1B2C3D4-E5F6-7890-ABCD-EFGH12345678}.Release|x64.ActiveCfg = Release|Any CPU
		{A1B2C3D4-E5F6-7890-ABCD-EFGH12345678}.Release|x64.Build.0 = Release|Any CPU
		{A1B2C3D4-E5F6-7890-ABCD-EFGH12345678}.Release|x86.ActiveCfg = Release|Any CPU
		{A1B2C3D4-E5F6-7890-ABCD-EFGH12345678}.Release|x86.Build.0 = Release|Any CPU
	EndGlobalSection
	GlobalSection(SolutionProperties) = preSolution
		HideSolutionNode = FALSE
		StartupProject = {E0C45105-9BFA-CA05-2955-445C6B06A2C9}
	EndGlobalSection
	GlobalSection(ExtensibilityGlobals) = postSolution
		SolutionGuid = {94FFEA7A-D5E4-4DDF-8436-D121D9E776FF}
	EndGlobalSection
EndGlobal
